
Microsoft Visual Studio Solution File, Format Version 12.00
# Visual Studio Version 17
VisualStudioVersion = 17.12.35728.132
MinimumVisualStudioVersion = 10.0.40219.1
Project("{FAE04EC0-301F-11D3-BF4B-00C04F79EFBC}") = "DotaApp", "DotaApp\DotaApp.csproj", "{F59DE5FA-D321-4500-92D5-B95F40927C1D}"
EndProject
Global
	GlobalSection(SolutionConfigurationPlatforms) = preSolution
		Debug|Any CPU = Debug|Any CPU
		Release|Any CPU = Release|Any CPU
	EndGlobalSection
	GlobalSection(ProjectConfigurationPlatforms) = postSolution
		{F59DE5FA-D321-4500-92D5-B95F40927C1D}.Debug|Any CPU.ActiveCfg = Debug|Any CPU
		{F59DE5FA-D321-4500-92D5-B95F40927C1D}.Debug|Any CPU.Build.0 = Debug|Any CPU
		{F59DE5FA-D321-4500-92D5-B95F40927C1D}.Release|Any CPU.ActiveCfg = Release|Any CPU
		{F59DE5FA-D321-4500-92D5-B95F40927C1D}.Release|Any CPU.Build.0 = Release|Any CPU
	EndGlobalSection
	GlobalSection(SolutionProperties) = preSolution
		HideSolutionNode = FALSE
	EndGlobalSection
EndGlobal
